// !$*UTF8*$!
{
	archiveVersion = 1;
	classes = {
	};
	objectVersion = 46;
	objects = {

/* Begin PBXBuildFile section */
		4545E7D81D9364260058BD55 /* AppDelegate.swift in Sources */ = {isa = PBXBuildFile; fileRef = 4545E7D71D9364260058BD55 /* AppDelegate.swift */; };
		4545E7DA1D9364260058BD55 /* ViewController.swift in Sources */ = {isa = PBXBuildFile; fileRef = 4545E7D91D9364260058BD55 /* ViewController.swift */; };
		4545E7DD1D9364260058BD55 /* Main.storyboard in Resources */ = {isa = PBXBuildFile; fileRef = 4545E7DB1D9364260058BD55 /* Main.storyboard */; };
		4545E7DF1D9364260058BD55 /* Assets.xcassets in Resources */ = {isa = PBXBuildFile; fileRef = 4545E7DE1D9364260058BD55 /* Assets.xcassets */; };
		4545E7E21D9364260058BD55 /* LaunchScreen.storyboard in Resources */ = {isa = PBXBuildFile; fileRef = 4545E7E01D9364260058BD55 /* LaunchScreen.storyboard */; };
		4545E7ED1D9364270058BD55 /* CodechallengeTests.swift in Sources */ = {isa = PBXBuildFile; fileRef = 4545E7EC1D9364270058BD55 /* CodechallengeTests.swift */; };
		4545E7F81D9364270058BD55 /* CodechallengeUITests.swift in Sources */ = {isa = PBXBuildFile; fileRef = 4545E7F71D9364270058BD55 /* CodechallengeUITests.swift */; };
		4545E8071D93A95D0058BD55 /* ListCell.swift in Sources */ = {isa = PBXBuildFile; fileRef = 4545E8061D93A95D0058BD55 /* ListCell.swift */; };
		4545E80A1D93AB2B0058BD55 /* Constants.swift in Sources */ = {isa = PBXBuildFile; fileRef = 4545E8091D93AB2B0058BD55 /* Constants.swift */; };
		4545E80C1D93ABD10058BD55 /* Utility.swift in Sources */ = {isa = PBXBuildFile; fileRef = 4545E80B1D93ABD10058BD55 /* Utility.swift */; };
		4545E8111D94107F0058BD55 /* APIData.swift in Sources */ = {isa = PBXBuildFile; fileRef = 4545E80E1D94107F0058BD55 /* APIData.swift */; };
		4545E8121D94107F0058BD55 /* APIManager.swift in Sources */ = {isa = PBXBuildFile; fileRef = 4545E80F1D94107F0058BD55 /* APIManager.swift */; };
		4545E8211D9440320058BD55 /* SF-UI-Text-Bold.otf in Resources */ = {isa = PBXBuildFile; fileRef = 4545E8181D9440320058BD55 /* SF-UI-Text-Bold.otf */; };
		4545E8221D9440320058BD55 /* SF-UI-Text-Light.otf in Resources */ = {isa = PBXBuildFile; fileRef = 4545E8191D9440320058BD55 /* SF-UI-Text-Light.otf */; };
		4545E8231D9440320058BD55 /* SF-UI-Text-LightItalic.otf in Resources */ = {isa = PBXBuildFile; fileRef = 4545E81A1D9440320058BD55 /* SF-UI-Text-LightItalic.otf */; };
		45F777851D95100D00BFAF0F /* DetailedVC.swift in Sources */ = {isa = PBXBuildFile; fileRef = 45F777841D95100D00BFAF0F /* DetailedVC.swift */; };
		45F777871D9521CE00BFAF0F /* HeroImageCell.swift in Sources */ = {isa = PBXBuildFile; fileRef = 45F777861D9521CE00BFAF0F /* HeroImageCell.swift */; };
		45FCB3AD1D9528AF00BE2583 /* DetailedCell.swift in Sources */ = {isa = PBXBuildFile; fileRef = 45FCB3AC1D9528AF00BE2583 /* DetailedCell.swift */; };
		4FA6D566A392FD94800C12EC /* Pods_Codechallenge.framework in Frameworks */ = {isa = PBXBuildFile; fileRef = 03C9EA79EF253A6D78EF86B0 /* Pods_Codechallenge.framework */; };
/* End PBXBuildFile section */

/* Begin PBXContainerItemProxy section */
		4545E7E91D9364270058BD55 /* PBXContainerItemProxy */ = {
			isa = PBXContainerItemProxy;
			containerPortal = 4545E7CC1D9364260058BD55 /* Project object */;
			proxyType = 1;
			remoteGlobalIDString = 4545E7D31D9364260058BD55;
			remoteInfo = Codechallenge;
		};
		4545E7F41D9364270058BD55 /* PBXContainerItemProxy */ = {
			isa = PBXContainerItemProxy;
			containerPortal = 4545E7CC1D9364260058BD55 /* Project object */;
			proxyType = 1;
			remoteGlobalIDString = 4545E7D31D9364260058BD55;
			remoteInfo = Codechallenge;
		};
/* End PBXContainerItemProxy section */

/* Begin PBXFileReference section */
		03C9EA79EF253A6D78EF86B0 /* Pods_Codechallenge.framework */ = {isa = PBXFileReference; explicitFileType = wrapper.framework; includeInIndex = 0; path = Pods_Codechallenge.framework; sourceTree = BUILT_PRODUCTS_DIR; };
		32D96BBDD9C18EAD1DFE15A0 /* Pods-Codechallenge.release.xcconfig */ = {isa = PBXFileReference; includeInIndex = 1; lastKnownFileType = text.xcconfig; name = "Pods-Codechallenge.release.xcconfig"; path = "Pods/Target Support Files/Pods-Codechallenge/Pods-Codechallenge.release.xcconfig"; sourceTree = "<group>"; };
		4545E7D41D9364260058BD55 /* Codechallenge.app */ = {isa = PBXFileReference; explicitFileType = wrapper.application; includeInIndex = 0; path = Codechallenge.app; sourceTree = BUILT_PRODUCTS_DIR; };
		4545E7D71D9364260058BD55 /* AppDelegate.swift */ = {isa = PBXFileReference; lastKnownFileType = sourcecode.swift; path = AppDelegate.swift; sourceTree = "<group>"; };
		4545E7D91D9364260058BD55 /* ViewController.swift */ = {isa = PBXFileReference; lastKnownFileType = sourcecode.swift; path = ViewController.swift; sourceTree = "<group>"; };
		4545E7DC1D9364260058BD55 /* Base */ = {isa = PBXFileReference; lastKnownFileType = file.storyboard; name = Base; path = Base.lproj/Main.storyboard; sourceTree = "<group>"; };
		4545E7DE1D9364260058BD55 /* Assets.xcassets */ = {isa = PBXFileReference; lastKnownFileType = folder.assetcatalog; path = Assets.xcassets; sourceTree = "<group>"; };
		4545E7E11D9364260058BD55 /* Base */ = {isa = PBXFileReference; lastKnownFileType = file.storyboard; name = Base; path = Base.lproj/LaunchScreen.storyboard; sourceTree = "<group>"; };
		4545E7E31D9364260058BD55 /* Info.plist */ = {isa = PBXFileReference; lastKnownFileType = text.plist.xml; path = Info.plist; sourceTree = "<group>"; };
		4545E7E81D9364270058BD55 /* CodechallengeTests.xctest */ = {isa = PBXFileReference; explicitFileType = wrapper.cfbundle; includeInIndex = 0; path = CodechallengeTests.xctest; sourceTree = BUILT_PRODUCTS_DIR; };
		4545E7EC1D9364270058BD55 /* CodechallengeTests.swift */ = {isa = PBXFileReference; lastKnownFileType = sourcecode.swift; path = CodechallengeTests.swift; sourceTree = "<group>"; };
		4545E7EE1D9364270058BD55 /* Info.plist */ = {isa = PBXFileReference; lastKnownFileType = text.plist.xml; path = Info.plist; sourceTree = "<group>"; };
		4545E7F31D9364270058BD55 /* CodechallengeUITests.xctest */ = {isa = PBXFileReference; explicitFileType = wrapper.cfbundle; includeInIndex = 0; path = CodechallengeUITests.xctest; sourceTree = BUILT_PRODUCTS_DIR; };
		4545E7F71D9364270058BD55 /* CodechallengeUITests.swift */ = {isa = PBXFileReference; lastKnownFileType = sourcecode.swift; path = CodechallengeUITests.swift; sourceTree = "<group>"; };
		4545E7F91D9364270058BD55 /* Info.plist */ = {isa = PBXFileReference; lastKnownFileType = text.plist.xml; path = Info.plist; sourceTree = "<group>"; };
		4545E8061D93A95D0058BD55 /* ListCell.swift */ = {isa = PBXFileReference; fileEncoding = 4; lastKnownFileType = sourcecode.swift; path = ListCell.swift; sourceTree = "<group>"; };
		4545E8091D93AB2B0058BD55 /* Constants.swift */ = {isa = PBXFileReference; fileEncoding = 4; lastKnownFileType = sourcecode.swift; path = Constants.swift; sourceTree = "<group>"; };
		4545E80B1D93ABD10058BD55 /* Utility.swift */ = {isa = PBXFileReference; fileEncoding = 4; lastKnownFileType = sourcecode.swift; path = Utility.swift; sourceTree = "<group>"; };
		4545E80E1D94107F0058BD55 /* APIData.swift */ = {isa = PBXFileReference; fileEncoding = 4; lastKnownFileType = sourcecode.swift; path = APIData.swift; sourceTree = "<group>"; };
		4545E80F1D94107F0058BD55 /* APIManager.swift */ = {isa = PBXFileReference; fileEncoding = 4; lastKnownFileType = sourcecode.swift; path = APIManager.swift; sourceTree = "<group>"; };
		4545E8181D9440320058BD55 /* SF-UI-Text-Bold.otf */ = {isa = PBXFileReference; lastKnownFileType = file; path = "SF-UI-Text-Bold.otf"; sourceTree = "<group>"; };
		4545E8191D9440320058BD55 /* SF-UI-Text-Light.otf */ = {isa = PBXFileReference; lastKnownFileType = file; path = "SF-UI-Text-Light.otf"; sourceTree = "<group>"; };
		4545E81A1D9440320058BD55 /* SF-UI-Text-LightItalic.otf */ = {isa = PBXFileReference; lastKnownFileType = file; path = "SF-UI-Text-LightItalic.otf"; sourceTree = "<group>"; };
		45F777841D95100D00BFAF0F /* DetailedVC.swift */ = {isa = PBXFileReference; fileEncoding = 4; lastKnownFileType = sourcecode.swift; path = DetailedVC.swift; sourceTree = "<group>"; };
		45F777861D9521CE00BFAF0F /* HeroImageCell.swift */ = {isa = PBXFileReference; fileEncoding = 4; lastKnownFileType = sourcecode.swift; path = HeroImageCell.swift; sourceTree = "<group>"; };
		45FCB3AC1D9528AF00BE2583 /* DetailedCell.swift */ = {isa = PBXFileReference; fileEncoding = 4; lastKnownFileType = sourcecode.swift; path = DetailedCell.swift; sourceTree = "<group>"; };
		FBEE9D2B646040B8BD41B400 /* Pods-Codechallenge.debug.xcconfig */ = {isa = PBXFileReference; includeInIndex = 1; lastKnownFileType = text.xcconfig; name = "Pods-Codechallenge.debug.xcconfig"; path = "Pods/Target Support Files/Pods-Codechallenge/Pods-Codechallenge.debug.xcconfig"; sourceTree = "<group>"; };
/* End PBXFileReference section */

/* Begin PBXFrameworksBuildPhase section */
		4545E7D11D9364260058BD55 /* Frameworks */ = {
			isa = PBXFrameworksBuildPhase;
			buildActionMask = 2147483647;
			files = (
				4FA6D566A392FD94800C12EC /* Pods_Codechallenge.framework in Frameworks */,
			);
			runOnlyForDeploymentPostprocessing = 0;
		};
		4545E7E51D9364270058BD55 /* Frameworks */ = {
			isa = PBXFrameworksBuildPhase;
			buildActionMask = 2147483647;
			files = (
			);
			runOnlyForDeploymentPostprocessing = 0;
		};
		4545E7F01D9364270058BD55 /* Frameworks */ = {
			isa = PBXFrameworksBuildPhase;
			buildActionMask = 2147483647;
			files = (
			);
			runOnlyForDeploymentPostprocessing = 0;
		};
/* End PBXFrameworksBuildPhase section */

/* Begin PBXGroup section */
		4545E7CB1D9364260058BD55 = {
			isa = PBXGroup;
			children = (
				4545E7D61D9364260058BD55 /* Codechallenge */,
				4545E7EB1D9364270058BD55 /* CodechallengeTests */,
				4545E7F61D9364270058BD55 /* CodechallengeUITests */,
				4545E7D51D9364260058BD55 /* Products */,
				E17EBA3CCC8E714E918380AC /* Pods */,
				8F79D3E6225C22D35F39FDDB /* Frameworks */,
			);
			sourceTree = "<group>";
		};
		4545E7D51D9364260058BD55 /* Products */ = {
			isa = PBXGroup;
			children = (
				4545E7D41D9364260058BD55 /* Codechallenge.app */,
				4545E7E81D9364270058BD55 /* CodechallengeTests.xctest */,
				4545E7F31D9364270058BD55 /* CodechallengeUITests.xctest */,
			);
			name = Products;
			sourceTree = "<group>";
		};
		4545E7D61D9364260058BD55 /* Codechallenge */ = {
			isa = PBXGroup;
			children = (
				4545E8141D9440320058BD55 /* Resources */,
				4545E80D1D94107F0058BD55 /* API */,
				4545E8081D93AB2B0058BD55 /* Utility */,
				4545E8051D93A9360058BD55 /* TableviewCell */,
				4545E7D71D9364260058BD55 /* AppDelegate.swift */,
				4545E7D91D9364260058BD55 /* ViewController.swift */,
				45F777841D95100D00BFAF0F /* DetailedVC.swift */,
				4545E7DB1D9364260058BD55 /* Main.storyboard */,
				4545E7DE1D9364260058BD55 /* Assets.xcassets */,
				4545E7E01D9364260058BD55 /* LaunchScreen.storyboard */,
				4545E7E31D9364260058BD55 /* Info.plist */,
			);
			path = Codechallenge;
			sourceTree = "<group>";
		};
		4545E7EB1D9364270058BD55 /* CodechallengeTests */ = {
			isa = PBXGroup;
			children = (
				4545E7EC1D9364270058BD55 /* CodechallengeTests.swift */,
				4545E7EE1D9364270058BD55 /* Info.plist */,
			);
			path = CodechallengeTests;
			sourceTree = "<group>";
		};
		4545E7F61D9364270058BD55 /* CodechallengeUITests */ = {
			isa = PBXGroup;
			children = (
				4545E7F71D9364270058BD55 /* CodechallengeUITests.swift */,
				4545E7F91D9364270058BD55 /* Info.plist */,
			);
			path = CodechallengeUITests;
			sourceTree = "<group>";
		};
		4545E8051D93A9360058BD55 /* TableviewCell */ = {
			isa = PBXGroup;
			children = (
				45FCB3AC1D9528AF00BE2583 /* DetailedCell.swift */,
				45F777861D9521CE00BFAF0F /* HeroImageCell.swift */,
				4545E8061D93A95D0058BD55 /* ListCell.swift */,
			);
			path = TableviewCell;
			sourceTree = "<group>";
		};
		4545E8081D93AB2B0058BD55 /* Utility */ = {
			isa = PBXGroup;
			children = (
				4545E80B1D93ABD10058BD55 /* Utility.swift */,
				4545E8091D93AB2B0058BD55 /* Constants.swift */,
			);
			path = Utility;
			sourceTree = "<group>";
		};
		4545E80D1D94107F0058BD55 /* API */ = {
			isa = PBXGroup;
			children = (
				4545E80E1D94107F0058BD55 /* APIData.swift */,
				4545E80F1D94107F0058BD55 /* APIManager.swift */,
			);
			path = API;
			sourceTree = "<group>";
		};
		4545E8141D9440320058BD55 /* Resources */ = {
			isa = PBXGroup;
			children = (
				4545E8151D9440320058BD55 /* Fonts */,
			);
			path = Resources;
			sourceTree = "<group>";
		};
		4545E8151D9440320058BD55 /* Fonts */ = {
			isa = PBXGroup;
			children = (
				4545E8181D9440320058BD55 /* SF-UI-Text-Bold.otf */,
				4545E8191D9440320058BD55 /* SF-UI-Text-Light.otf */,
				4545E81A1D9440320058BD55 /* SF-UI-Text-LightItalic.otf */,
			);
			path = Fonts;
			sourceTree = "<group>";
		};
		8F79D3E6225C22D35F39FDDB /* Frameworks */ = {
			isa = PBXGroup;
			children = (
				03C9EA79EF253A6D78EF86B0 /* Pods_Codechallenge.framework */,
			);
			name = Frameworks;
			sourceTree = "<group>";
		};
		E17EBA3CCC8E714E918380AC /* Pods */ = {
			isa = PBXGroup;
			children = (
				FBEE9D2B646040B8BD41B400 /* Pods-Codechallenge.debug.xcconfig */,
				32D96BBDD9C18EAD1DFE15A0 /* Pods-Codechallenge.release.xcconfig */,
			);
			name = Pods;
			sourceTree = "<group>";
		};
/* End PBXGroup section */

/* Begin PBXNativeTarget section */
		4545E7D31D9364260058BD55 /* Codechallenge */ = {
			isa = PBXNativeTarget;
			buildConfigurationList = 4545E7FC1D9364270058BD55 /* Build configuration list for PBXNativeTarget "Codechallenge" */;
			buildPhases = (
				8139A674D620D30B233455E8 /* [CP] Check Pods Manifest.lock */,
				4545E7D01D9364260058BD55 /* Sources */,
				4545E7D11D9364260058BD55 /* Frameworks */,
				4545E7D21D9364260058BD55 /* Resources */,
				8DDDC688DCB8A5C9717639E9 /* [CP] Embed Pods Frameworks */,
				23A80A5B87BBEB25A26A89C9 /* [CP] Copy Pods Resources */,
			);
			buildRules = (
			);
			dependencies = (
			);
			name = Codechallenge;
			productName = Codechallenge;
			productReference = 4545E7D41D9364260058BD55 /* Codechallenge.app */;
			productType = "com.apple.product-type.application";
		};
		4545E7E71D9364270058BD55 /* CodechallengeTests */ = {
			isa = PBXNativeTarget;
			buildConfigurationList = 4545E7FF1D9364270058BD55 /* Build configuration list for PBXNativeTarget "CodechallengeTests" */;
			buildPhases = (
				4545E7E41D9364270058BD55 /* Sources */,
				4545E7E51D9364270058BD55 /* Frameworks */,
				4545E7E61D9364270058BD55 /* Resources */,
			);
			buildRules = (
			);
			dependencies = (
				4545E7EA1D9364270058BD55 /* PBXTargetDependency */,
			);
			name = CodechallengeTests;
			productName = CodechallengeTests;
			productReference = 4545E7E81D9364270058BD55 /* CodechallengeTests.xctest */;
			productType = "com.apple.product-type.bundle.unit-test";
		};
		4545E7F21D9364270058BD55 /* CodechallengeUITests */ = {
			isa = PBXNativeTarget;
			buildConfigurationList = 4545E8021D9364270058BD55 /* Build configuration list for PBXNativeTarget "CodechallengeUITests" */;
			buildPhases = (
				4545E7EF1D9364270058BD55 /* Sources */,
				4545E7F01D9364270058BD55 /* Frameworks */,
				4545E7F11D9364270058BD55 /* Resources */,
			);
			buildRules = (
			);
			dependencies = (
				4545E7F51D9364270058BD55 /* PBXTargetDependency */,
			);
			name = CodechallengeUITests;
			productName = CodechallengeUITests;
			productReference = 4545E7F31D9364270058BD55 /* CodechallengeUITests.xctest */;
			productType = "com.apple.product-type.bundle.ui-testing";
		};
/* End PBXNativeTarget section */

/* Begin PBXProject section */
		4545E7CC1D9364260058BD55 /* Project object */ = {
			isa = PBXProject;
			attributes = {
				LastSwiftUpdateCheck = 0730;
				LastUpgradeCheck = 0730;
				ORGANIZATIONNAME = Hamsa;
				TargetAttributes = {
					4545E7D31D9364260058BD55 = {
						CreatedOnToolsVersion = 7.3.1;
					};
					4545E7E71D9364270058BD55 = {
						CreatedOnToolsVersion = 7.3.1;
						TestTargetID = 4545E7D31D9364260058BD55;
					};
					4545E7F21D9364270058BD55 = {
						CreatedOnToolsVersion = 7.3.1;
						TestTargetID = 4545E7D31D9364260058BD55;
					};
				};
			};
			buildConfigurationList = 4545E7CF1D9364260058BD55 /* Build configuration list for PBXProject "Codechallenge" */;
			compatibilityVersion = "Xcode 3.2";
			developmentRegion = English;
			hasScannedForEncodings = 0;
			knownRegions = (
				en,
				Base,
			);
			mainGroup = 4545E7CB1D9364260058BD55;
			productRefGroup = 4545E7D51D9364260058BD55 /* Products */;
			projectDirPath = "";
			projectRoot = "";
			targets = (
				4545E7D31D9364260058BD55 /* Codechallenge */,
				4545E7E71D9364270058BD55 /* CodechallengeTests */,
				4545E7F21D9364270058BD55 /* CodechallengeUITests */,
			);
		};
/* End PBXProject section */

/* Begin PBXResourcesBuildPhase section */
		4545E7D21D9364260058BD55 /* Resources */ = {
			isa = PBXResourcesBuildPhase;
			buildActionMask = 2147483647;
			files = (
				4545E8221D9440320058BD55 /* SF-UI-Text-Light.otf in Resources */,
				4545E8211D9440320058BD55 /* SF-UI-Text-Bold.otf in Resources */,
				4545E8231D9440320058BD55 /* SF-UI-Text-LightItalic.otf in Resources */,
				4545E7E21D9364260058BD55 /* LaunchScreen.storyboard in Resources */,
				4545E7DF1D9364260058BD55 /* Assets.xcassets in Resources */,
				4545E7DD1D9364260058BD55 /* Main.storyboard in Resources */,
			);
			runOnlyForDeploymentPostprocessing = 0;
		};
		4545E7E61D9364270058BD55 /* Resources */ = {
			isa = PBXResourcesBuildPhase;
			buildActionMask = 2147483647;
			files = (
			);
			runOnlyForDeploymentPostprocessing = 0;
		};
		4545E7F11D9364270058BD55 /* Resources */ = {
			isa = PBXResourcesBuildPhase;
			buildActionMask = 2147483647;
			files = (
			);
			runOnlyForDeploymentPostprocessing = 0;
		};
/* End PBXResourcesBuildPhase section */

/* Begin PBXShellScriptBuildPhase section */
		23A80A5B87BBEB25A26A89C9 /* [CP] Copy Pods Resources */ = {
			isa = PBXShellScriptBuildPhase;
			buildActionMask = 2147483647;
			files = (
			);
			inputPaths = (
			);
			name = "[CP] Copy Pods Resources";
			outputPaths = (
			);
			runOnlyForDeploymentPostprocessing = 0;
			shellPath = /bin/sh;
			shellScript = "\"${SRCROOT}/Pods/Target Support Files/Pods-Codechallenge/Pods-Codechallenge-resources.sh\"\n";
			showEnvVarsInLog = 0;
		};
		8139A674D620D30B233455E8 /* [CP] Check Pods Manifest.lock */ = {
			isa = PBXShellScriptBuildPhase;
			buildActionMask = 2147483647;
			files = (
			);
			inputPaths = (
			);
			name = "[CP] Check Pods Manifest.lock";
			outputPaths = (
			);
			runOnlyForDeploymentPostprocessing = 0;
			shellPath = /bin/sh;
			shellScript = "diff \"${PODS_ROOT}/../Podfile.lock\" \"${PODS_ROOT}/Manifest.lock\" > /dev/null\nif [[ $? != 0 ]] ; then\n    cat << EOM\nerror: The sandbox is not in sync with the Podfile.lock. Run 'pod install' or update your CocoaPods installation.\nEOM\n    exit 1\nfi\n";
			showEnvVarsInLog = 0;
		};
		8DDDC688DCB8A5C9717639E9 /* [CP] Embed Pods Frameworks */ = {
			isa = PBXShellScriptBuildPhase;
			buildActionMask = 2147483647;
			files = (
			);
			inputPaths = (
			);
			name = "[CP] Embed Pods Frameworks";
			outputPaths = (
			);
			runOnlyForDeploymentPostprocessing = 0;
			shellPath = /bin/sh;
			shellScript = "\"${SRCROOT}/Pods/Target Support Files/Pods-Codechallenge/Pods-Codechallenge-frameworks.sh\"\n";
			showEnvVarsInLog = 0;
		};
/* End PBXShellScriptBuildPhase section */

/* Begin PBXSourcesBuildPhase section */
		4545E7D01D9364260058BD55 /* Sources */ = {
			isa = PBXSourcesBuildPhase;
			buildActionMask = 2147483647;
			files = (
				45F777851D95100D00BFAF0F /* DetailedVC.swift in Sources */,
				45FCB3AD1D9528AF00BE2583 /* DetailedCell.swift in Sources */,
				4545E8111D94107F0058BD55 /* APIData.swift in Sources */,
				4545E80C1D93ABD10058BD55 /* Utility.swift in Sources */,
				4545E7DA1D9364260058BD55 /* ViewController.swift in Sources */,
				4545E7D81D9364260058BD55 /* AppDelegate.swift in Sources */,
				45F777871D9521CE00BFAF0F /* HeroImageCell.swift in Sources */,
				4545E8071D93A95D0058BD55 /* ListCell.swift in Sources */,
				4545E80A1D93AB2B0058BD55 /* Constants.swift in Sources */,
				4545E8121D94107F0058BD55 /* APIManager.swift in Sources */,
			);
			runOnlyForDeploymentPostprocessing = 0;
		};
		4545E7E41D9364270058BD55 /* Sources */ = {
			isa = PBXSourcesBuildPhase;
			buildActionMask = 2147483647;
			files = (
				4545E7ED1D9364270058BD55 /* CodechallengeTests.swift in Sources */,
			);
			runOnlyForDeploymentPostprocessing = 0;
		};
		4545E7EF1D9364270058BD55 /* Sources */ = {
			isa = PBXSourcesBuildPhase;
			buildActionMask = 2147483647;
			files = (
				4545E7F81D9364270058BD55 /* CodechallengeUITests.swift in Sources */,
			);
			runOnlyForDeploymentPostprocessing = 0;
		};
/* End PBXSourcesBuildPhase section */

/* Begin PBXTargetDependency section */
		4545E7EA1D9364270058BD55 /* PBXTargetDependency */ = {
			isa = PBXTargetDependency;
			target = 4545E7D31D9364260058BD55 /* Codechallenge */;
			targetProxy = 4545E7E91D9364270058BD55 /* PBXContainerItemProxy */;
		};
		4545E7F51D9364270058BD55 /* PBXTargetDependency */ = {
			isa = PBXTargetDependency;
			target = 4545E7D31D9364260058BD55 /* Codechallenge */;
			targetProxy = 4545E7F41D9364270058BD55 /* PBXContainerItemProxy */;
		};
/* End PBXTargetDependency section */

/* Begin PBXVariantGroup section */
		4545E7DB1D9364260058BD55 /* Main.storyboard */ = {
			isa = PBXVariantGroup;
			children = (
				4545E7DC1D9364260058BD55 /* Base */,
			);
			name = Main.storyboard;
			sourceTree = "<group>";
		};
		4545E7E01D9364260058BD55 /* LaunchScreen.storyboard */ = {
			isa = PBXVariantGroup;
			children = (
				4545E7E11D9364260058BD55 /* Base */,
			);
			name = LaunchScreen.storyboard;
			sourceTree = "<group>";
		};
/* End PBXVariantGroup section */

/* Begin XCBuildConfiguration section */
		4545E7FA1D9364270058BD55 /* Debug */ = {
			isa = XCBuildConfiguration;
			buildSettings = {
				ALWAYS_SEARCH_USER_PATHS = NO;
				CLANG_ANALYZER_NONNULL = YES;
				CLANG_CXX_LANGUAGE_STANDARD = "gnu++0x";
				CLANG_CXX_LIBRARY = "libc++";
				CLANG_ENABLE_MODULES = YES;
				CLANG_ENABLE_OBJC_ARC = YES;
				CLANG_WARN_BOOL_CONVERSION = YES;
				CLANG_WARN_CONSTANT_CONVERSION = YES;
				CLANG_WARN_DIRECT_OBJC_ISA_USAGE = YES_ERROR;
				CLANG_WARN_EMPTY_BODY = YES;
				CLANG_WARN_ENUM_CONVERSION = YES;
				CLANG_WARN_INT_CONVERSION = YES;
				CLANG_WARN_OBJC_ROOT_CLASS = YES_ERROR;
				CLANG_WARN_UNREACHABLE_CODE = YES;
				CLANG_WARN__DUPLICATE_METHOD_MATCH = YES;
				"CODE_SIGN_IDENTITY[sdk=iphoneos*]" = "iPhone Developer";
				COPY_PHASE_STRIP = NO;
				DEBUG_INFORMATION_FORMAT = dwarf;
				ENABLE_STRICT_OBJC_MSGSEND = YES;
				ENABLE_TESTABILITY = YES;
				GCC_C_LANGUAGE_STANDARD = gnu99;
				GCC_DYNAMIC_NO_PIC = NO;
				GCC_NO_COMMON_BLOCKS = YES;
				GCC_OPTIMIZATION_LEVEL = 0;
				GCC_PREPROCESSOR_DEFINITIONS = (
					"DEBUG=1",
					"$(inherited)",
				);
				GCC_WARN_64_TO_32_BIT_CONVERSION = YES;
				GCC_WARN_ABOUT_RETURN_TYPE = YES_ERROR;
				GCC_WARN_UNDECLARED_SELECTOR = YES;
				GCC_WARN_UNINITIALIZED_AUTOS = YES_AGGRESSIVE;
				GCC_WARN_UNUSED_FUNCTION = YES;
				GCC_WARN_UNUSED_VARIABLE = YES;
				IPHONEOS_DEPLOYMENT_TARGET = 9.3;
				MTL_ENABLE_DEBUG_INFO = YES;
				ONLY_ACTIVE_ARCH = YES;
				SDKROOT = iphoneos;
				SWIFT_OPTIMIZATION_LEVEL = "-Onone";
			};
			name = Debug;
		};
		4545E7FB1D9364270058BD55 /* Release */ = {
			isa = XCBuildConfiguration;
			buildSettings = {
				ALWAYS_SEARCH_USER_PATHS = NO;
				CLANG_ANALYZER_NONNULL = YES;
				CLANG_CXX_LANGUAGE_STANDARD = "gnu++0x";
				CLANG_CXX_LIBRARY = "libc++";
				CLANG_ENABLE_MODULES = YES;
				CLANG_ENABLE_OBJC_ARC = YES;
				CLANG_WARN_BOOL_CONVERSION = YES;
				CLANG_WARN_CONSTANT_CONVERSION = YES;
				CLANG_WARN_DIRECT_OBJC_ISA_USAGE = YES_ERROR;
				CLANG_WARN_EMPTY_BODY = YES;
				CLANG_WARN_ENUM_CONVERSION = YES;
				CLANG_WARN_INT_CONVERSION = YES;
				CLANG_WARN_OBJC_ROOT_CLASS = YES_ERROR;
				CLANG_WARN_UNREACHABLE_CODE = YES;
				CLANG_WARN__DUPLICATE_METHOD_MATCH = YES;
				"CODE_SIGN_IDENTITY[sdk=iphoneos*]" = "iPhone Developer";
				COPY_PHASE_STRIP = NO;
				DEBUG_INFORMATION_FORMAT = "dwarf-with-dsym";
				ENABLE_NS_ASSERTIONS = NO;
				ENABLE_STRICT_OBJC_MSGSEND = YES;
				GCC_C_LANGUAGE_STANDARD = gnu99;
				GCC_NO_COMMON_BLOCKS = YES;
				GCC_WARN_64_TO_32_BIT_CONVERSION = YES;
				GCC_WARN_ABOUT_RETURN_TYPE = YES_ERROR;
				GCC_WARN_UNDECLARED_SELECTOR = YES;
				GCC_WARN_UNINITIALIZED_AUTOS = YES_AGGRESSIVE;
				GCC_WARN_UNUSED_FUNCTION = YES;
				GCC_WARN_UNUSED_VARIABLE = YES;
				IPHONEOS_DEPLOYMENT_TARGET = 9.3;
				MTL_ENABLE_DEBUG_INFO = NO;
				SDKROOT = iphoneos;
				VALIDATE_PRODUCT = YES;
			};
			name = Release;
		};
		4545E7FD1D9364270058BD55 /* Debug */ = {
			isa = XCBuildConfiguration;
			baseConfigurationReference = FBEE9D2B646040B8BD41B400 /* Pods-Codechallenge.debug.xcconfig */;
			buildSettings = {
				ASSETCATALOG_COMPILER_APPICON_NAME = AppIcon;
				INFOPLIST_FILE = Codechallenge/Info.plist;
				IPHONEOS_DEPLOYMENT_TARGET = 9.0;
				LD_RUNPATH_SEARCH_PATHS = "$(inherited) @executable_path/Frameworks";
				PRODUCT_BUNDLE_IDENTIFIER = Hamsa.Codechallenge;
				PRODUCT_NAME = "$(TARGET_NAME)";
			};
			name = Debug;
		};
		4545E7FE1D9364270058BD55 /* Release */ = {
			isa = XCBuildConfiguration;
			baseConfigurationReference = 32D96BBDD9C18EAD1DFE15A0 /* Pods-Codechallenge.release.xcconfig */;
			buildSettings = {
				ASSETCATALOG_COMPILER_APPICON_NAME = AppIcon;
				INFOPLIST_FILE = Codechallenge/Info.plist;
				IPHONEOS_DEPLOYMENT_TARGET = 9.0;
				LD_RUNPATH_SEARCH_PATHS = "$(inherited) @executable_path/Frameworks";
				PRODUCT_BUNDLE_IDENTIFIER = Hamsa.Codechallenge;
				PRODUCT_NAME = "$(TARGET_NAME)";
			};
			name = Release;
		};
		4545E8001D9364270058BD55 /* Debug */ = {
			isa = XCBuildConfiguration;
			buildSettings = {
				BUNDLE_LOADER = "$(TEST_HOST)";
				INFOPLIST_FILE = CodechallengeTests/Info.plist;
				LD_RUNPATH_SEARCH_PATHS = "$(inherited) @executable_path/Frameworks @loader_path/Frameworks";
				PRODUCT_BUNDLE_IDENTIFIER = Hamsa.CodechallengeTests;
				PRODUCT_NAME = "$(TARGET_NAME)";
				TEST_HOST = "$(BUILT_PRODUCTS_DIR)/Codechallenge.app/Codechallenge";
			};
			name = Debug;
		};
		4545E8011D9364270058BD55 /* Release */ = {
			isa = XCBuildConfiguration;
			buildSettings = {
				BUNDLE_LOADER = "$(TEST_HOST)";
				INFOPLIST_FILE = CodechallengeTests/Info.plist;
				LD_RUNPATH_SEARCH_PATHS = "$(inherited) @executable_path/Frameworks @loader_path/Frameworks";
				PRODUCT_BUNDLE_IDENTIFIER = Hamsa.CodechallengeTests;
				PRODUCT_NAME = "$(TARGET_NAME)";
				TEST_HOST = "$(BUILT_PRODUCTS_DIR)/Codechallenge.app/Codechallenge";
			};
			name = Release;
		};
		4545E8031D9364270058BD55 /* Debug */ = {
			isa = XCBuildConfiguration;
			buildSettings = {
				INFOPLIST_FILE = CodechallengeUITests/Info.plist;
				LD_RUNPATH_SEARCH_PATHS = "$(inherited) @executable_path/Frameworks @loader_path/Frameworks";
				PRODUCT_BUNDLE_IDENTIFIER = Hamsa.CodechallengeUITests;
				PRODUCT_NAME = "$(TARGET_NAME)";
				TEST_TARGET_NAME = Codechallenge;
			};
			name = Debug;
		};
		4545E8041D9364270058BD55 /* Release */ = {
			isa = XCBuildConfiguration;
			buildSettings = {
				INFOPLIST_FILE = CodechallengeUITests/Info.plist;
				LD_RUNPATH_SEARCH_PATHS = "$(inherited) @executable_path/Frameworks @loader_path/Frameworks";
				PRODUCT_BUNDLE_IDENTIFIER = Hamsa.CodechallengeUITests;
				PRODUCT_NAME = "$(TARGET_NAME)";
				TEST_TARGET_NAME = Codechallenge;
			};
			name = Release;
		};
/* End XCBuildConfiguration section */

/* Begin XCConfigurationList section */
		4545E7CF1D9364260058BD55 /* Build configuration list for PBXProject "Codechallenge" */ = {
			isa = XCConfigurationList;
			buildConfigurations = (
				4545E7FA1D9364270058BD55 /* Debug */,
				4545E7FB1D9364270058BD55 /* Release */,
			);
			defaultConfigurationIsVisible = 0;
			defaultConfigurationName = Release;
		};
		4545E7FC1D9364270058BD55 /* Build configuration list for PBXNativeTarget "Codechallenge" */ = {
			isa = XCConfigurationList;
			buildConfigurations = (
				4545E7FD1D9364270058BD55 /* Debug */,
				4545E7FE1D9364270058BD55 /* Release */,
			);
			defaultConfigurationIsVisible = 0;
			defaultConfigurationName = Release;
		};
		4545E7FF1D9364270058BD55 /* Build configuration list for PBXNativeTarget "CodechallengeTests" */ = {
			isa = XCConfigurationList;
			buildConfigurations = (
				4545E8001D9364270058BD55 /* Debug */,
				4545E8011D9364270058BD55 /* Release */,
			);
			defaultConfigurationIsVisible = 0;
			defaultConfigurationName = Release;
		};
		4545E8021D9364270058BD55 /* Build configuration list for PBXNativeTarget "CodechallengeUITests" */ = {
			isa = XCConfigurationList;
			buildConfigurations = (
				4545E8031D9364270058BD55 /* Debug */,
				4545E8041D9364270058BD55 /* Release */,
			);
			defaultConfigurationIsVisible = 0;
			defaultConfigurationName = Release;
		};
/* End XCConfigurationList section */
	};
	rootObject = 4545E7CC1D9364260058BD55 /* Project object */;
}
